
Microsoft Visual Studio Solution File, Format Version 12.00
# Visual Studio 15
VisualStudioVersion = 15.0.28010.2050
MinimumVisualStudioVersion = 10.0.40219.1
Project("{FAE04EC0-301F-11D3-BF4B-00C04F79EFBC}") = "Special_Insulator.Web", "Special_Insulator.WEB\Special_Insulator.Web.csproj", "{A0D7631C-CC69-4F27-B8FE-6B46C7E2B1A7}"
EndProject
Project("{FAE04EC0-301F-11D3-BF4B-00C04F79EFBC}") = "Special_Insulator.Common", "Specila_Insultor.Common\Special_Insulator.Common.csproj", "{41B30189-41FB-45C1-9C2C-0F01B796635A}"
EndProject
Project("{FAE04EC0-301F-11D3-BF4B-00C04F79EFBC}") = "Special_Insulator.DAL", "Special_Insulator.DAL\Special_Insulator.DAL.csproj", "{E36D8042-6E03-4D48-82D0-508A56DC3A9D}"
	ProjectSection(ProjectDependencies) = postProject
		{F71FE9B0-567F-45AF-83AA-7DD10235F49B} = {F71FE9B0-567F-45AF-83AA-7DD10235F49B}
	EndProjectSection
EndProject
Project("{FAE04EC0-301F-11D3-BF4B-00C04F79EFBC}") = "Specila_Insultor.BLL", "Specila_Insultor.BLL\Specila_Insultor.BLL.csproj", "{26BE92A7-A5EA-4EB0-9E23-5158394407C9}"
EndProject
Project("{FAE04EC0-301F-11D3-BF4B-00C04F79EFBC}") = "Special_Insulator.Dependency", "Special_Insulator.Dependency\Special_Insulator.Dependency.csproj", "{55FB3B48-F153-4577-814A-A9FBF26E043B}"
EndProject
Project("{00D1A9C2-B5F0-4AF3-8072-F6C62B433612}") = "Special_Insulator_Db", "Special_Insulator_Db\Special_Insulator_Db.sqlproj", "{0A1F41CE-4AD1-47E6-ADD8-3694C542D357}"
EndProject
Project("{FAE04EC0-301F-11D3-BF4B-00C04F79EFBC}") = "Special_Insulator.Advertising", "Special_Insulator.Advertising\Special_Insulator.Advertising.csproj", "{F71FE9B0-567F-45AF-83AA-7DD10235F49B}"
EndProject
Project("{FAE04EC0-301F-11D3-BF4B-00C04F79EFBC}") = "Special_Insulator.BLL.Tests", "Special_Insulator.BLL.Tests\Special_Insulator.BLL.Tests.csproj", "{9681C7AD-CD6F-4078-8123-D3627AC22722}"
EndProject
Global
	GlobalSection(SolutionConfigurationPlatforms) = preSolution
		Debug|Any CPU = Debug|Any CPU
		Release|Any CPU = Release|Any CPU
	EndGlobalSection
	GlobalSection(ProjectConfigurationPlatforms) = postSolution
		{A0D7631C-CC69-4F27-B8FE-6B46C7E2B1A7}.Debug|Any CPU.ActiveCfg = Debug|Any CPU
		{A0D7631C-CC69-4F27-B8FE-6B46C7E2B1A7}.Debug|Any CPU.Build.0 = Debug|Any CPU
		{A0D7631C-CC69-4F27-B8FE-6B46C7E2B1A7}.Release|Any CPU.ActiveCfg = Release|Any CPU
		{A0D7631C-CC69-4F27-B8FE-6B46C7E2B1A7}.Release|Any CPU.Build.0 = Release|Any CPU
		{41B30189-41FB-45C1-9C2C-0F01B796635A}.Debug|Any CPU.ActiveCfg = Debug|Any CPU
		{41B30189-41FB-45C1-9C2C-0F01B796635A}.Debug|Any CPU.Build.0 = Debug|Any CPU
		{41B30189-41FB-45C1-9C2C-0F01B796635A}.Release|Any CPU.ActiveCfg = Release|Any CPU
		{41B30189-41FB-45C1-9C2C-0F01B796635A}.Release|Any CPU.Build.0 = Release|Any CPU
		{E36D8042-6E03-4D48-82D0-508A56DC3A9D}.Debug|Any CPU.ActiveCfg = Debug|Any CPU
		{E36D8042-6E03-4D48-82D0-508A56DC3A9D}.Debug|Any CPU.Build.0 = Debug|Any CPU
		{E36D8042-6E03-4D48-82D0-508A56DC3A9D}.Release|Any CPU.ActiveCfg = Release|Any CPU
		{E36D8042-6E03-4D48-82D0-508A56DC3A9D}.Release|Any CPU.Build.0 = Release|Any CPU
		{26BE92A7-A5EA-4EB0-9E23-5158394407C9}.Debug|Any CPU.ActiveCfg = Debug|Any CPU
		{26BE92A7-A5EA-4EB0-9E23-5158394407C9}.Debug|Any CPU.Build.0 = Debug|Any CPU
		{26BE92A7-A5EA-4EB0-9E23-5158394407C9}.Release|Any CPU.ActiveCfg = Release|Any CPU
		{26BE92A7-A5EA-4EB0-9E23-5158394407C9}.Release|Any CPU.Build.0 = Release|Any CPU
		{55FB3B48-F153-4577-814A-A9FBF26E043B}.Debug|Any CPU.ActiveCfg = Debug|Any CPU
		{55FB3B48-F153-4577-814A-A9FBF26E043B}.Debug|Any CPU.Build.0 = Debug|Any CPU
		{55FB3B48-F153-4577-814A-A9FBF26E043B}.Release|Any CPU.ActiveCfg = Release|Any CPU
		{55FB3B48-F153-4577-814A-A9FBF26E043B}.Release|Any CPU.Build.0 = Release|Any CPU
		{0A1F41CE-4AD1-47E6-ADD8-3694C542D357}.Debug|Any CPU.ActiveCfg = Debug|Any CPU
		{0A1F41CE-4AD1-47E6-ADD8-3694C542D357}.Debug|Any CPU.Build.0 = Debug|Any CPU
		{0A1F41CE-4AD1-47E6-ADD8-3694C542D357}.Debug|Any CPU.Deploy.0 = Debug|Any CPU
		{0A1F41CE-4AD1-47E6-ADD8-3694C542D357}.Release|Any CPU.ActiveCfg = Release|Any CPU
		{0A1F41CE-4AD1-47E6-ADD8-3694C542D357}.Release|Any CPU.Build.0 = Release|Any CPU
		{0A1F41CE-4AD1-47E6-ADD8-3694C542D357}.Release|Any CPU.Deploy.0 = Release|Any CPU
		{F71FE9B0-567F-45AF-83AA-7DD10235F49B}.Debug|Any CPU.ActiveCfg = Debug|Any CPU
		{F71FE9B0-567F-45AF-83AA-7DD10235F49B}.Debug|Any CPU.Build.0 = Debug|Any CPU
		{F71FE9B0-567F-45AF-83AA-7DD10235F49B}.Release|Any CPU.ActiveCfg = Release|Any CPU
		{F71FE9B0-567F-45AF-83AA-7DD10235F49B}.Release|Any CPU.Build.0 = Release|Any CPU
		{9681C7AD-CD6F-4078-8123-D3627AC22722}.Debug|Any CPU.ActiveCfg = Debug|Any CPU
		{9681C7AD-CD6F-4078-8123-D3627AC22722}.Debug|Any CPU.Build.0 = Debug|Any CPU
		{9681C7AD-CD6F-4078-8123-D3627AC22722}.Release|Any CPU.ActiveCfg = Release|Any CPU
		{9681C7AD-CD6F-4078-8123-D3627AC22722}.Release|Any CPU.Build.0 = Release|Any CPU
	EndGlobalSection
	GlobalSection(SolutionProperties) = preSolution
		HideSolutionNode = FALSE
	EndGlobalSection
	GlobalSection(ExtensibilityGlobals) = postSolution
		SolutionGuid = {6D4625FA-4E92-4C8A-889D-F1198D8FE4C4}
	EndGlobalSection
EndGlobal
